
Microsoft Visual Studio Solution File, Format Version 12.00
# Visual Studio Version 17
VisualStudioVersion = 17.9.34701.34
MinimumVisualStudioVersion = 10.0.40219.1
Project("{2150E333-8FDC-42A3-9474-1A3956D46DE8}") = "Bootstrapper", "Bootstrapper", "{E2B6040A-9573-4EF4-A117-2167FBA93669}"
EndProject
Project("{2150E333-8FDC-42A3-9474-1A3956D46DE8}") = "Modules", "Modules", "{D4AD89D2-CDC6-43EE-95CA-1FDEF51A74C2}"
EndProject
Project("{2150E333-8FDC-42A3-9474-1A3956D46DE8}") = "Shared", "Shared", "{D20A55B7-DA20-4D98-968B-B3A2DD70D5C8}"
EndProject
Project("{FAE04EC0-301F-11D3-BF4B-00C04F79EFBC}") = "Api", "Bootstrapper\Api\Api.csproj", "{DC4F1160-67C0-40B2-83BC-5CF4CFB09453}"
EndProject
Project("{2150E333-8FDC-42A3-9474-1A3956D46DE8}") = "Catalog", "Catalog", "{EFC4BAF5-1842-45D1-8F7C-B5C5F6E0AF28}"
EndProject
Project("{2150E333-8FDC-42A3-9474-1A3956D46DE8}") = "Basket", "Basket", "{885C9FA6-F58D-45FB-9071-B2CE189CD4DA}"
EndProject
Project("{2150E333-8FDC-42A3-9474-1A3956D46DE8}") = "Ordering", "Ordering", "{D5286292-6F34-475B-A71A-434ED952C533}"
EndProject
Project("{FAE04EC0-301F-11D3-BF4B-00C04F79EFBC}") = "Basket", "Modules\Basket\Basket\Basket.csproj", "{F1F39CDF-5B5E-4234-8BD1-C5DCC2D538CD}"
EndProject
Project("{FAE04EC0-301F-11D3-BF4B-00C04F79EFBC}") = "Catalog", "Modules\Catalog\Catalog\Catalog.csproj", "{ED8ACFEB-1852-4396-87A1-490F16BA45DA}"
EndProject
Project("{FAE04EC0-301F-11D3-BF4B-00C04F79EFBC}") = "Ordering", "Modules\Ordering\Ordering\Ordering.csproj", "{3A2D42E8-7D5A-4D4F-880D-8D7917A40213}"
EndProject
Project("{FAE04EC0-301F-11D3-BF4B-00C04F79EFBC}") = "Shared", "Shared\Shared\Shared.csproj", "{E4710C11-2696-4EC9-8476-291B88FB6383}"
EndProject
Global
	GlobalSection(SolutionConfigurationPlatforms) = preSolution
		Debug|Any CPU = Debug|Any CPU
		Release|Any CPU = Release|Any CPU
	EndGlobalSection
	GlobalSection(ProjectConfigurationPlatforms) = postSolution
		{DC4F1160-67C0-40B2-83BC-5CF4CFB09453}.Debug|Any CPU.ActiveCfg = Debug|Any CPU
		{DC4F1160-67C0-40B2-83BC-5CF4CFB09453}.Debug|Any CPU.Build.0 = Debug|Any CPU
		{DC4F1160-67C0-40B2-83BC-5CF4CFB09453}.Release|Any CPU.ActiveCfg = Release|Any CPU
		{DC4F1160-67C0-40B2-83BC-5CF4CFB09453}.Release|Any CPU.Build.0 = Release|Any CPU
		{F1F39CDF-5B5E-4234-8BD1-C5DCC2D538CD}.Debug|Any CPU.ActiveCfg = Debug|Any CPU
		{F1F39CDF-5B5E-4234-8BD1-C5DCC2D538CD}.Debug|Any CPU.Build.0 = Debug|Any CPU
		{F1F39CDF-5B5E-4234-8BD1-C5DCC2D538CD}.Release|Any CPU.ActiveCfg = Release|Any CPU
		{F1F39CDF-5B5E-4234-8BD1-C5DCC2D538CD}.Release|Any CPU.Build.0 = Release|Any CPU
		{ED8ACFEB-1852-4396-87A1-490F16BA45DA}.Debug|Any CPU.ActiveCfg = Debug|Any CPU
		{ED8ACFEB-1852-4396-87A1-490F16BA45DA}.Debug|Any CPU.Build.0 = Debug|Any CPU
		{ED8ACFEB-1852-4396-87A1-490F16BA45DA}.Release|Any CPU.ActiveCfg = Release|Any CPU
		{ED8ACFEB-1852-4396-87A1-490F16BA45DA}.Release|Any CPU.Build.0 = Release|Any CPU
		{3A2D42E8-7D5A-4D4F-880D-8D7917A40213}.Debug|Any CPU.ActiveCfg = Debug|Any CPU
		{3A2D42E8-7D5A-4D4F-880D-8D7917A40213}.Debug|Any CPU.Build.0 = Debug|Any CPU
		{3A2D42E8-7D5A-4D4F-880D-8D7917A40213}.Release|Any CPU.ActiveCfg = Release|Any CPU
		{3A2D42E8-7D5A-4D4F-880D-8D7917A40213}.Release|Any CPU.Build.0 = Release|Any CPU
		{E4710C11-2696-4EC9-8476-291B88FB6383}.Debug|Any CPU.ActiveCfg = Debug|Any CPU
		{E4710C11-2696-4EC9-8476-291B88FB6383}.Debug|Any CPU.Build.0 = Debug|Any CPU
		{E4710C11-2696-4EC9-8476-291B88FB6383}.Release|Any CPU.ActiveCfg = Release|Any CPU
		{E4710C11-2696-4EC9-8476-291B88FB6383}.Release|Any CPU.Build.0 = Release|Any CPU
	EndGlobalSection
	GlobalSection(SolutionProperties) = preSolution
		HideSolutionNode = FALSE
	EndGlobalSection
	GlobalSection(NestedProjects) = preSolution
		{DC4F1160-67C0-40B2-83BC-5CF4CFB09453} = {E2B6040A-9573-4EF4-A117-2167FBA93669}
		{EFC4BAF5-1842-45D1-8F7C-B5C5F6E0AF28} = {D4AD89D2-CDC6-43EE-95CA-1FDEF51A74C2}
		{885C9FA6-F58D-45FB-9071-B2CE189CD4DA} = {D4AD89D2-CDC6-43EE-95CA-1FDEF51A74C2}
		{D5286292-6F34-475B-A71A-434ED952C533} = {D4AD89D2-CDC6-43EE-95CA-1FDEF51A74C2}
		{F1F39CDF-5B5E-4234-8BD1-C5DCC2D538CD} = {885C9FA6-F58D-45FB-9071-B2CE189CD4DA}
		{ED8ACFEB-1852-4396-87A1-490F16BA45DA} = {EFC4BAF5-1842-45D1-8F7C-B5C5F6E0AF28}
		{3A2D42E8-7D5A-4D4F-880D-8D7917A40213} = {D5286292-6F34-475B-A71A-434ED952C533}
		{E4710C11-2696-4EC9-8476-291B88FB6383} = {D20A55B7-DA20-4D98-968B-B3A2DD70D5C8}
	EndGlobalSection
	GlobalSection(ExtensibilityGlobals) = postSolution
		SolutionGuid = {68EB8137-6C7E-4FCD-80D9-0D033EF5217D}
	EndGlobalSection
EndGlobal
